// !$*UTF8*$!
{
	archiveVersion = 1;
	classes = {
	};
	objectVersion = 50;
	objects = {

/* Begin PBXBuildFile section */
		EEF884F724130F1900AF7464 /* AppDelegate.swift in Sources */ = {isa = PBXBuildFile; fileRef = EEF884F624130F1900AF7464 /* AppDelegate.swift */; };
		EEF884F924130F1900AF7464 /* SceneDelegate.swift in Sources */ = {isa = PBXBuildFile; fileRef = EEF884F824130F1900AF7464 /* SceneDelegate.swift */; };
		EEF884FB24130F1900AF7464 /* ViewController.swift in Sources */ = {isa = PBXBuildFile; fileRef = EEF884FA24130F1900AF7464 /* ViewController.swift */; };
		EEF884FE24130F1900AF7464 /* Main.storyboard in Resources */ = {isa = PBXBuildFile; fileRef = EEF884FC24130F1900AF7464 /* Main.storyboard */; };
		EEF8850024130F1B00AF7464 /* Assets.xcassets in Resources */ = {isa = PBXBuildFile; fileRef = EEF884FF24130F1B00AF7464 /* Assets.xcassets */; };
		EEF8850324130F1B00AF7464 /* LaunchScreen.storyboard in Resources */ = {isa = PBXBuildFile; fileRef = EEF8850124130F1B00AF7464 /* LaunchScreen.storyboard */; };
/* End PBXBuildFile section */

/* Begin PBXFileReference section */
		EEF884F324130F1900AF7464 /* Day4iOSReadingPlistAndJSON.app */ = {isa = PBXFileReference; explicitFileType = wrapper.application; includeInIndex = 0; path = Day4iOSReadingPlistAndJSON.app; sourceTree = BUILT_PRODUCTS_DIR; };
		EEF884F624130F1900AF7464 /* AppDelegate.swift */ = {isa = PBXFileReference; lastKnownFileType = sourcecode.swift; path = AppDelegate.swift; sourceTree = "<group>"; };
		EEF884F824130F1900AF7464 /* SceneDelegate.swift */ = {isa = PBXFileReference; lastKnownFileType = sourcecode.swift; path = SceneDelegate.swift; sourceTree = "<group>"; };
		EEF884FA24130F1900AF7464 /* ViewController.swift */ = {isa = PBXFileReference; lastKnownFileType = sourcecode.swift; path = ViewController.swift; sourceTree = "<group>"; };
		EEF884FD24130F1900AF7464 /* Base */ = {isa = PBXFileReference; lastKnownFileType = file.storyboard; name = Base; path = Base.lproj/Main.storyboard; sourceTree = "<group>"; };
		EEF884FF24130F1B00AF7464 /* Assets.xcassets */ = {isa = PBXFileReference; lastKnownFileType = folder.assetcatalog; path = Assets.xcassets; sourceTree = "<group>"; };
		EEF8850224130F1B00AF7464 /* Base */ = {isa = PBXFileReference; lastKnownFileType = file.storyboard; name = Base; path = Base.lproj/LaunchScreen.storyboard; sourceTree = "<group>"; };
		EEF8850424130F1B00AF7464 /* Info.plist */ = {isa = PBXFileReference; lastKnownFileType = text.plist.xml; path = Info.plist; sourceTree = "<group>"; };
/* End PBXFileReference section */

/* Begin PBXFrameworksBuildPhase section */
		EEF884F024130F1900AF7464 /* Frameworks */ = {
			isa = PBXFrameworksBuildPhase;
			buildActionMask = 2147483647;
			files = (
			);
			runOnlyForDeploymentPostprocessing = 0;
		};
/* End PBXFrameworksBuildPhase section */

/* Begin PBXGroup section */
		EEF884EA24130F1900AF7464 = {
			isa = PBXGroup;
			children = (
				EEF884F524130F1900AF7464 /* Day4iOSReadingPlistAndJSON */,
				EEF884F424130F1900AF7464 /* Products */,
			);
			sourceTree = "<group>";
		};
		EEF884F424130F1900AF7464 /* Products */ = {
			isa = PBXGroup;
			children = (
				EEF884F324130F1900AF7464 /* Day4iOSReadingPlistAndJSON.app */,
			);
			name = Products;
			sourceTree = "<group>";
		};
		EEF884F524130F1900AF7464 /* Day4iOSReadingPlistAndJSON */ = {
			isa = PBXGroup;
			children = (
				EEF884F624130F1900AF7464 /* AppDelegate.swift */,
				EEF884F824130F1900AF7464 /* SceneDelegate.swift */,
				EEF884FA24130F1900AF7464 /* ViewController.swift */,
				EEF884FC24130F1900AF7464 /* Main.storyboard */,
				EEF884FF24130F1B00AF7464 /* Assets.xcassets */,
				EEF8850124130F1B00AF7464 /* LaunchScreen.storyboard */,
				EEF8850424130F1B00AF7464 /* Info.plist */,
			);
			path = Day4iOSReadingPlistAndJSON;
			sourceTree = "<group>";
		};
/* End PBXGroup section */

/* Begin PBXNativeTarget section */
		EEF884F224130F1900AF7464 /* Day4iOSReadingPlistAndJSON */ = {
			isa = PBXNativeTarget;
			buildConfigurationList = EEF8850724130F1B00AF7464 /* Build configuration list for PBXNativeTarget "Day4iOSReadingPlistAndJSON" */;
			buildPhases = (
				EEF884EF24130F1900AF7464 /* Sources */,
				EEF884F024130F1900AF7464 /* Frameworks */,
				EEF884F124130F1900AF7464 /* Resources */,
			);
			buildRules = (
			);
			dependencies = (
			);
			name = Day4iOSReadingPlistAndJSON;
			productName = Day4iOSReadingPlistAndJSON;
			productReference = EEF884F324130F1900AF7464 /* Day4iOSReadingPlistAndJSON.app */;
			productType = "com.apple.product-type.application";
		};
/* End PBXNativeTarget section */

/* Begin PBXProject section */
		EEF884EB24130F1900AF7464 /* Project object */ = {
			isa = PBXProject;
			attributes = {
				LastSwiftUpdateCheck = 1130;
				LastUpgradeCheck = 1130;
				ORGANIZATIONNAME = "Nikita Sandhu";
				TargetAttributes = {
					EEF884F224130F1900AF7464 = {
						CreatedOnToolsVersion = 11.3.1;
					};
				};
			};
			buildConfigurationList = EEF884EE24130F1900AF7464 /* Build configuration list for PBXProject "Day4iOSReadingPlistAndJSON" */;
			compatibilityVersion = "Xcode 9.3";
			developmentRegion = en;
			hasScannedForEncodings = 0;
			knownRegions = (
				en,
				Base,
			);
			mainGroup = EEF884EA24130F1900AF7464;
			productRefGroup = EEF884F424130F1900AF7464 /* Products */;
			projectDirPath = "";
			projectRoot = "";
			targets = (
				EEF884F224130F1900AF7464 /* Day4iOSReadingPlistAndJSON */,
			);
		};
/* End PBXProject section */

/* Begin PBXResourcesBuildPhase section */
		EEF884F124130F1900AF7464 /* Resources */ = {
			isa = PBXResourcesBuildPhase;
			buildActionMask = 2147483647;
			files = (
				EEF8850324130F1B00AF7464 /* LaunchScreen.storyboard in Resources */,
				EEF8850024130F1B00AF7464 /* Assets.xcassets in Resources */,
				EEF884FE24130F1900AF7464 /* Main.storyboard in Resources */,
			);
			runOnlyForDeploymentPostprocessing = 0;
		};
/* End PBXResourcesBuildPhase section */

/* Begin PBXSourcesBuildPhase section */
		EEF884EF24130F1900AF7464 /* Sources */ = {
			isa = PBXSourcesBuildPhase;
			buildActionMask = 2147483647;
			files = (
				EEF884FB24130F1900AF7464 /* ViewController.swift in Sources */,
				EEF884F724130F1900AF7464 /* AppDelegate.swift in Sources */,
				EEF884F924130F1900AF7464 /* SceneDelegate.swift in Sources */,
			);
			runOnlyForDeploymentPostprocessing = 0;
		};
/* End PBXSourcesBuildPhase section */

/* Begin PBXVariantGroup section */
		EEF884FC24130F1900AF7464 /* Main.storyboard */ = {
			isa = PBXVariantGroup;
			children = (
				EEF884FD24130F1900AF7464 /* Base */,
			);
			name = Main.storyboard;
			sourceTree = "<group>";
		};
		EEF8850124130F1B00AF7464 /* LaunchScreen.storyboard */ = {
			isa = PBXVariantGroup;
			children = (
				EEF8850224130F1B00AF7464 /* Base */,
			);
			name = LaunchScreen.storyboard;
			sourceTree = "<group>";
		};
/* End PBXVariantGroup section */

/* Begin XCBuildConfiguration section */
		EEF8850524130F1B00AF7464 /* Debug */ = {
			isa = XCBuildConfiguration;
			buildSettings = {
				ALWAYS_SEARCH_USER_PATHS = NO;
				CLANG_ANALYZER_NONNULL = YES;
				CLANG_ANALYZER_NUMBER_OBJECT_CONVERSION = YES_AGGRESSIVE;
				CLANG_CXX_LANGUAGE_STANDARD = "gnu++14";
				CLANG_CXX_LIBRARY = "libc++";
				CLANG_ENABLE_MODULES = YES;
				CLANG_ENABLE_OBJC_ARC = YES;
				CLANG_ENABLE_OBJC_WEAK = YES;
				CLANG_WARN_BLOCK_CAPTURE_AUTORELEASING = YES;
				CLANG_WARN_BOOL_CONVERSION = YES;
				CLANG_WARN_COMMA = YES;
				CLANG_WARN_CONSTANT_CONVERSION = YES;
				CLANG_WARN_DEPRECATED_OBJC_IMPLEMENTATIONS = YES;
				CLANG_WARN_DIRECT_OBJC_ISA_USAGE = YES_ERROR;
				CLANG_WARN_DOCUMENTATION_COMMENTS = YES;
				CLANG_WARN_EMPTY_BODY = YES;
				CLANG_WARN_ENUM_CONVERSION = YES;
				CLANG_WARN_INFINITE_RECURSION = YES;
				CLANG_WARN_INT_CONVERSION = YES;
				CLANG_WARN_NON_LITERAL_NULL_CONVERSION = YES;
				CLANG_WARN_OBJC_IMPLICIT_RETAIN_SELF = YES;
				CLANG_WARN_OBJC_LITERAL_CONVERSION = YES;
				CLANG_WARN_OBJC_ROOT_CLASS = YES_ERROR;
				CLANG_WARN_RANGE_LOOP_ANALYSIS = YES;
				CLANG_WARN_STRICT_PROTOTYPES = YES;
				CLANG_WARN_SUSPICIOUS_MOVE = YES;
				CLANG_WARN_UNGUARDED_AVAILABILITY = YES_AGGRESSIVE;
				CLANG_WARN_UNREACHABLE_CODE = YES;
				CLANG_WARN__DUPLICATE_METHOD_MATCH = YES;
				COPY_PHASE_STRIP = NO;
				DEBUG_INFORMATION_FORMAT = dwarf;
				ENABLE_STRICT_OBJC_MSGSEND = YES;
				ENABLE_TESTABILITY = YES;
				GCC_C_LANGUAGE_STANDARD = gnu11;
				GCC_DYNAMIC_NO_PIC = NO;
				GCC_NO_COMMON_BLOCKS = YES;
				GCC_OPTIMIZATION_LEVEL = 0;
				GCC_PREPROCESSOR_DEFINITIONS = (
					"DEBUG=1",
					"$(inherited)",
				);
				GCC_WARN_64_TO_32_BIT_CONVERSION = YES;
				GCC_WARN_ABOUT_RETURN_TYPE = YES_ERROR;
				GCC_WARN_UNDECLARED_SELECTOR = YES;
				GCC_WARN_UNINITIALIZED_AUTOS = YES_AGGRESSIVE;
				GCC_WARN_UNUSED_FUNCTION = YES;
				GCC_WARN_UNUSED_VARIABLE = YES;
				IPHONEOS_DEPLOYMENT_TARGET = 13.2;
				MTL_ENABLE_DEBUG_INFO = INCLUDE_SOURCE;
				MTL_FAST_MATH = YES;
				ONLY_ACTIVE_ARCH = YES;
				SDKROOT = iphoneos;
				SWIFT_ACTIVE_COMPILATION_CONDITIONS = DEBUG;
				SWIFT_OPTIMIZATION_LEVEL = "-Onone";
			};
			name = Debug;
		};
		EEF8850624130F1B00AF7464 /* Release */ = {
			isa = XCBuildConfiguration;
			buildSettings = {
				ALWAYS_SEARCH_USER_PATHS = NO;
				CLANG_ANALYZER_NONNULL = YES;
				CLANG_ANALYZER_NUMBER_OBJECT_CONVERSION = YES_AGGRESSIVE;
				CLANG_CXX_LANGUAGE_STANDARD = "gnu++14";
				CLANG_CXX_LIBRARY = "libc++";
				CLANG_ENABLE_MODULES = YES;
				CLANG_ENABLE_OBJC_ARC = YES;
				CLANG_ENABLE_OBJC_WEAK = YES;
				CLANG_WARN_BLOCK_CAPTURE_AUTORELEASING = YES;
				CLANG_WARN_BOOL_CONVERSION = YES;
				CLANG_WARN_COMMA = YES;
				CLANG_WARN_CONSTANT_CONVERSION = YES;
				CLANG_WARN_DEPRECATED_OBJC_IMPLEMENTATIONS = YES;
				CLANG_WARN_DIRECT_OBJC_ISA_USAGE = YES_ERROR;
				CLANG_WARN_DOCUMENTATION_COMMENTS = YES;
				CLANG_WARN_EMPTY_BODY = YES;
				CLANG_WARN_ENUM_CONVERSION = YES;
				CLANG_WARN_INFINITE_RECURSION = YES;
				CLANG_WARN_INT_CONVERSION = YES;
				CLANG_WARN_NON_LITERAL_NULL_CONVERSION = YES;
				CLANG_WARN_OBJC_IMPLICIT_RETAIN_SELF = YES;
				CLANG_WARN_OBJC_LITERAL_CONVERSION = YES;
				CLANG_WARN_OBJC_ROOT_CLASS = YES_ERROR;
				CLANG_WARN_RANGE_LOOP_ANALYSIS = YES;
				CLANG_WARN_STRICT_PROTOTYPES = YES;
				CLANG_WARN_SUSPICIOUS_MOVE = YES;
				CLANG_WARN_UNGUARDED_AVAILABILITY = YES_AGGRESSIVE;
				CLANG_WARN_UNREACHABLE_CODE = YES;
				CLANG_WARN__DUPLICATE_METHOD_MATCH = YES;
				COPY_PHASE_STRIP = NO;
				DEBUG_INFORMATION_FORMAT = "dwarf-with-dsym";
				ENABLE_NS_ASSERTIONS = NO;
				ENABLE_STRICT_OBJC_MSGSEND = YES;
				GCC_C_LANGUAGE_STANDARD = gnu11;
				GCC_NO_COMMON_BLOCKS = YES;
				GCC_WARN_64_TO_32_BIT_CONVERSION = YES;
				GCC_WARN_ABOUT_RETURN_TYPE = YES_ERROR;
				GCC_WARN_UNDECLARED_SELECTOR = YES;
				GCC_WARN_UNINITIALIZED_AUTOS = YES_AGGRESSIVE;
				GCC_WARN_UNUSED_FUNCTION = YES;
				GCC_WARN_UNUSED_VARIABLE = YES;
				IPHONEOS_DEPLOYMENT_TARGET = 13.2;
				MTL_ENABLE_DEBUG_INFO = NO;
				MTL_FAST_MATH = YES;
				SDKROOT = iphoneos;
				SWIFT_COMPILATION_MODE = wholemodule;
				SWIFT_OPTIMIZATION_LEVEL = "-O";
				VALIDATE_PRODUCT = YES;
			};
			name = Release;
		};
		EEF8850824130F1B00AF7464 /* Debug */ = {
			isa = XCBuildConfiguration;
			buildSettings = {
				ASSETCATALOG_COMPILER_APPICON_NAME = AppIcon;
				CODE_SIGN_STYLE = Automatic;
				DEVELOPMENT_TEAM = K235H574GK;
				INFOPLIST_FILE = Day4iOSReadingPlistAndJSON/Info.plist;
				LD_RUNPATH_SEARCH_PATHS = (
					"$(inherited)",
					"@executable_path/Frameworks",
				);
				PRODUCT_BUNDLE_IDENTIFIER = com.lambton.Day4iOSReadingPlistAndJSON;
				PRODUCT_NAME = "$(TARGET_NAME)";
				SWIFT_VERSION = 5.0;
				TARGETED_DEVICE_FAMILY = "1,2";
			};
			name = Debug;
		};
		EEF8850924130F1B00AF7464 /* Release */ = {
			isa = XCBuildConfiguration;
			buildSettings = {
				ASSETCATALOG_COMPILER_APPICON_NAME = AppIcon;
				CODE_SIGN_STYLE = Automatic;
				DEVELOPMENT_TEAM = K235H574GK;
				INFOPLIST_FILE = Day4iOSReadingPlistAndJSON/Info.plist;
				LD_RUNPATH_SEARCH_PATHS = (
					"$(inherited)",
					"@executable_path/Frameworks",
				);
				PRODUCT_BUNDLE_IDENTIFIER = com.lambton.Day4iOSReadingPlistAndJSON;
				PRODUCT_NAME = "$(TARGET_NAME)";
				SWIFT_VERSION = 5.0;
				TARGETED_DEVICE_FAMILY = "1,2";
			};
			name = Release;
		};
/* End XCBuildConfiguration section */

/* Begin XCConfigurationList section */
		EEF884EE24130F1900AF7464 /* Build configuration list for PBXProject "Day4iOSReadingPlistAndJSON" */ = {
			isa = XCConfigurationList;
			buildConfigurations = (
				EEF8850524130F1B00AF7464 /* Debug */,
				EEF8850624130F1B00AF7464 /* Release */,
			);
			defaultConfigurationIsVisible = 0;
			defaultConfigurationName = Release;
		};
		EEF8850724130F1B00AF7464 /* Build configuration list for PBXNativeTarget "Day4iOSReadingPlistAndJSON" */ = {
			isa = XCConfigurationList;
			buildConfigurations = (
				EEF8850824130F1B00AF7464 /* Debug */,
				EEF8850924130F1B00AF7464 /* Release */,
			);
			defaultConfigurationIsVisible = 0;
			defaultConfigurationName = Release;
		};
/* End XCConfigurationList section */
	};
	rootObject = EEF884EB24130F1900AF7464 /* Project object */;
}
